
Microsoft Visual Studio Solution File, Format Version 12.00
# Visual Studio Version 17
VisualStudioVersion = 17.7.34018.315
MinimumVisualStudioVersion = 10.0.40219.1
Project("{FAE04EC0-301F-11D3-BF4B-00C04F79EFBC}") = "uri1154", "uri1154\uri1154.csproj", "{7B987C95-2CA9-4762-AC82-63252EE7BE81}"
EndProject
Global
	GlobalSection(SolutionConfigurationPlatforms) = preSolution
		Debug|Any CPU = Debug|Any CPU
		Release|Any CPU = Release|Any CPU
	EndGlobalSection
	GlobalSection(ProjectConfigurationPlatforms) = postSolution
		{7B987C95-2CA9-4762-AC82-63252EE7BE81}.Debug|Any CPU.ActiveCfg = Debug|Any CPU
		{7B987C95-2CA9-4762-AC82-63252EE7BE81}.Debug|Any CPU.Build.0 = Debug|Any CPU
		{7B987C95-2CA9-4762-AC82-63252EE7BE81}.Release|Any CPU.ActiveCfg = Release|Any CPU
		{7B987C95-2CA9-4762-AC82-63252EE7BE81}.Release|Any CPU.Build.0 = Release|Any CPU
	EndGlobalSection
	GlobalSection(SolutionProperties) = preSolution
		HideSolutionNode = FALSE
	EndGlobalSection
	GlobalSection(ExtensibilityGlobals) = postSolution
		SolutionGuid = {28CE9F01-16AA-496C-A91E-09F43819F488}
	EndGlobalSection
EndGlobal
